// !$*UTF8*$!
{
	archiveVersion = 1;
	classes = {
	};
	objectVersion = 46;
	objects = {

/* Begin PBXBuildFile section */
		703AE40A1C4BBFCB00D6EFCA /* NewUser.jpg in Resources */ = {isa = PBXBuildFile; fileRef = 703AE4081C4BBFCB00D6EFCA /* NewUser.jpg */; };
		703AE40B1C4BBFCB00D6EFCA /* NewUser1.jpg in Resources */ = {isa = PBXBuildFile; fileRef = 703AE4091C4BBFCB00D6EFCA /* NewUser1.jpg */; };
		703AE40E1C4BCF6A00D6EFCA /* BackSign.png in Resources */ = {isa = PBXBuildFile; fileRef = 703AE40C1C4BCF6A00D6EFCA /* BackSign.png */; };
		703AE40F1C4BCF6A00D6EFCA /* FrontSign.png in Resources */ = {isa = PBXBuildFile; fileRef = 703AE40D1C4BCF6A00D6EFCA /* FrontSign.png */; };
		703AE4111C4BD56400D6EFCA /* Back.png in Resources */ = {isa = PBXBuildFile; fileRef = 703AE4101C4BD56400D6EFCA /* Back.png */; };
		703AE4131C4BE63500D6EFCA /* BackBtn.png in Resources */ = {isa = PBXBuildFile; fileRef = 703AE4121C4BE63500D6EFCA /* BackBtn.png */; };
		703AE4161C4C18FF00D6EFCA /* NewViewController.m in Sources */ = {isa = PBXBuildFile; fileRef = 703AE4151C4C18FF00D6EFCA /* NewViewController.m */; };
		705C41701C3F8D4300E32030 /* DkAppDelegate.m in Sources */ = {isa = PBXBuildFile; fileRef = 705C416F1C3F8D4300E32030 /* DkAppDelegate.m */; };
		705C41721C442E0F00E32030 /* checkbox-checked.png in Resources */ = {isa = PBXBuildFile; fileRef = 705C41711C442E0F00E32030 /* checkbox-checked.png */; };
		705C41751C442E1800E32030 /* checkbox-pressed.png in Resources */ = {isa = PBXBuildFile; fileRef = 705C41731C442E1800E32030 /* checkbox-pressed.png */; };
		705C41761C442E1800E32030 /* checkbox.png in Resources */ = {isa = PBXBuildFile; fileRef = 705C41741C442E1800E32030 /* checkbox.png */; };
		705C41781C44C21500E32030 /* dk_bg_beer.jpg in Resources */ = {isa = PBXBuildFile; fileRef = 705C41771C44C21500E32030 /* dk_bg_beer.jpg */; };
		705C417A1C44F52000E32030 /* beerLogin.jpg in Resources */ = {isa = PBXBuildFile; fileRef = 705C41791C44F52000E32030 /* beerLogin.jpg */; };
		705C417C1C44FC3300E32030 /* beerNewdrunkcart.jpg in Resources */ = {isa = PBXBuildFile; fileRef = 705C417B1C44FC3300E32030 /* beerNewdrunkcart.jpg */; };
		705C417F1C44FE7F00E32030 /* NewDrunkcartViewController.m in Sources */ = {isa = PBXBuildFile; fileRef = 705C417E1C44FE7F00E32030 /* NewDrunkcartViewController.m */; };
		705C41811C4502D100E32030 /* beerNew.jpg in Resources */ = {isa = PBXBuildFile; fileRef = 705C41801C4502D100E32030 /* beerNew.jpg */; };
		705C41831C454E1000E32030 /* CoreLocation.framework in Frameworks */ = {isa = PBXBuildFile; fileRef = 705C41821C454E1000E32030 /* CoreLocation.framework */; };
		709DC16A1C3AEB0E0041F30F /* error@2x.png in Resources */ = {isa = PBXBuildFile; fileRef = 709DC1671C3AEB0E0041F30F /* error@2x.png */; };
		709DC16B1C3AEB0E0041F30F /* TextFieldValidator.m in Sources */ = {isa = PBXBuildFile; fileRef = 709DC1691C3AEB0E0041F30F /* TextFieldValidator.m */; };
		709DC1F91C3BCF4E0041F30F /* User+CoreDataProperties.m in Sources */ = {isa = PBXBuildFile; fileRef = 709DC1F61C3BCF4E0041F30F /* User+CoreDataProperties.m */; };
		709DC1FA1C3BCF4E0041F30F /* User.m in Sources */ = {isa = PBXBuildFile; fileRef = 709DC1F81C3BCF4E0041F30F /* User.m */; };
		70D210561C32940F0028183D /* main.m in Sources */ = {isa = PBXBuildFile; fileRef = 70D210551C32940F0028183D /* main.m */; };
		70D2105F1C32940F0028183D /* Main.storyboard in Resources */ = {isa = PBXBuildFile; fileRef = 70D2105D1C32940F0028183D /* Main.storyboard */; };
		70D210621C32940F0028183D /* DkLogin.xcdatamodeld in Sources */ = {isa = PBXBuildFile; fileRef = 70D210601C32940F0028183D /* DkLogin.xcdatamodeld */; };
		70D210641C32940F0028183D /* Assets.xcassets in Resources */ = {isa = PBXBuildFile; fileRef = 70D210631C32940F0028183D /* Assets.xcassets */; };
		70D210721C32940F0028183D /* DkLoginTests.m in Sources */ = {isa = PBXBuildFile; fileRef = 70D210711C32940F0028183D /* DkLoginTests.m */; };
		70D2107D1C32940F0028183D /* DkLoginUITests.m in Sources */ = {isa = PBXBuildFile; fileRef = 70D2107C1C32940F0028183D /* DkLoginUITests.m */; };
		70D2108C1C3298560028183D /* LoginViewController.m in Sources */ = {isa = PBXBuildFile; fileRef = 70D2108B1C3298560028183D /* LoginViewController.m */; };
/* End PBXBuildFile section */

/* Begin PBXContainerItemProxy section */
		70D2106E1C32940F0028183D /* PBXContainerItemProxy */ = {
			isa = PBXContainerItemProxy;
			containerPortal = 70D210491C32940F0028183D /* Project object */;
			proxyType = 1;
			remoteGlobalIDString = 70D210501C32940F0028183D;
			remoteInfo = DkLogin;
		};
		70D210791C32940F0028183D /* PBXContainerItemProxy */ = {
			isa = PBXContainerItemProxy;
			containerPortal = 70D210491C32940F0028183D /* Project object */;
			proxyType = 1;
			remoteGlobalIDString = 70D210501C32940F0028183D;
			remoteInfo = DkLogin;
		};
/* End PBXContainerItemProxy section */

/* Begin PBXFileReference section */
		703AE4081C4BBFCB00D6EFCA /* NewUser.jpg */ = {isa = PBXFileReference; lastKnownFileType = image.jpeg; name = NewUser.jpg; path = ../../../../Downloads/NewUser.jpg; sourceTree = "<group>"; };
		703AE4091C4BBFCB00D6EFCA /* NewUser1.jpg */ = {isa = PBXFileReference; lastKnownFileType = image.jpeg; name = NewUser1.jpg; path = ../../../../Downloads/NewUser1.jpg; sourceTree = "<group>"; };
		703AE40C1C4BCF6A00D6EFCA /* BackSign.png */ = {isa = PBXFileReference; lastKnownFileType = image.png; name = BackSign.png; path = ../../../../Downloads/BackSign.png; sourceTree = "<group>"; };
		703AE40D1C4BCF6A00D6EFCA /* FrontSign.png */ = {isa = PBXFileReference; lastKnownFileType = image.png; name = FrontSign.png; path = ../../../../Downloads/FrontSign.png; sourceTree = "<group>"; };
		703AE4101C4BD56400D6EFCA /* Back.png */ = {isa = PBXFileReference; lastKnownFileType = image.png; name = Back.png; path = ../../Images/Back.png; sourceTree = "<group>"; };
		703AE4121C4BE63500D6EFCA /* BackBtn.png */ = {isa = PBXFileReference; lastKnownFileType = image.png; name = BackBtn.png; path = ../../../../Downloads/BackBtn.png; sourceTree = "<group>"; };
		703AE4141C4C18FF00D6EFCA /* NewViewController.h */ = {isa = PBXFileReference; fileEncoding = 4; lastKnownFileType = sourcecode.c.h; path = NewViewController.h; sourceTree = "<group>"; };
		703AE4151C4C18FF00D6EFCA /* NewViewController.m */ = {isa = PBXFileReference; fileEncoding = 4; lastKnownFileType = sourcecode.c.objc; path = NewViewController.m; sourceTree = "<group>"; };
		705C416E1C3F8CF100E32030 /* DkAppDelegate.h */ = {isa = PBXFileReference; lastKnownFileType = sourcecode.c.h; path = DkAppDelegate.h; sourceTree = "<group>"; };
		705C416F1C3F8D4300E32030 /* DkAppDelegate.m */ = {isa = PBXFileReference; fileEncoding = 4; lastKnownFileType = sourcecode.c.objc; path = DkAppDelegate.m; sourceTree = "<group>"; };
		705C41711C442E0F00E32030 /* checkbox-checked.png */ = {isa = PBXFileReference; lastKnownFileType = image.png; name = "checkbox-checked.png"; path = "../../../../Downloads/Checkbox/checkbox-checked.png"; sourceTree = "<group>"; };
		705C41731C442E1800E32030 /* checkbox-pressed.png */ = {isa = PBXFileReference; lastKnownFileType = image.png; name = "checkbox-pressed.png"; path = "../../../../Downloads/Checkbox/checkbox-pressed.png"; sourceTree = "<group>"; };
		705C41741C442E1800E32030 /* checkbox.png */ = {isa = PBXFileReference; lastKnownFileType = image.png; name = checkbox.png; path = ../../../../Downloads/Checkbox/checkbox.png; sourceTree = "<group>"; };
		705C41771C44C21500E32030 /* dk_bg_beer.jpg */ = {isa = PBXFileReference; lastKnownFileType = image.jpeg; name = dk_bg_beer.jpg; path = ../../../../Downloads/dk_bg_beer.jpg; sourceTree = "<group>"; };
		705C41791C44F52000E32030 /* beerLogin.jpg */ = {isa = PBXFileReference; lastKnownFileType = image.jpeg; name = beerLogin.jpg; path = ../../../../Downloads/beerLogin.jpg; sourceTree = "<group>"; };
		705C417B1C44FC3300E32030 /* beerNewdrunkcart.jpg */ = {isa = PBXFileReference; lastKnownFileType = image.jpeg; name = beerNewdrunkcart.jpg; path = ../../../../Downloads/beerNewdrunkcart.jpg; sourceTree = "<group>"; };
		705C417D1C44FE7F00E32030 /* NewDrunkcartViewController.h */ = {isa = PBXFileReference; fileEncoding = 4; lastKnownFileType = sourcecode.c.h; name = NewDrunkcartViewController.h; path = DkLogin/NewDrunkcartViewController.h; sourceTree = "<group>"; };
		705C417E1C44FE7F00E32030 /* NewDrunkcartViewController.m */ = {isa = PBXFileReference; fileEncoding = 4; lastKnownFileType = sourcecode.c.objc; name = NewDrunkcartViewController.m; path = DkLogin/NewDrunkcartViewController.m; sourceTree = "<group>"; };
		705C41801C4502D100E32030 /* beerNew.jpg */ = {isa = PBXFileReference; lastKnownFileType = image.jpeg; name = beerNew.jpg; path = ../../../../Downloads/beerNew.jpg; sourceTree = "<group>"; };
		705C41821C454E1000E32030 /* CoreLocation.framework */ = {isa = PBXFileReference; lastKnownFileType = wrapper.framework; name = CoreLocation.framework; path = System/Library/Frameworks/CoreLocation.framework; sourceTree = SDKROOT; };
		709DC1671C3AEB0E0041F30F /* error@2x.png */ = {isa = PBXFileReference; lastKnownFileType = image.png; path = "error@2x.png"; sourceTree = "<group>"; };
		709DC1681C3AEB0E0041F30F /* TextFieldValidator.h */ = {isa = PBXFileReference; fileEncoding = 4; lastKnownFileType = sourcecode.c.h; path = TextFieldValidator.h; sourceTree = "<group>"; };
		709DC1691C3AEB0E0041F30F /* TextFieldValidator.m */ = {isa = PBXFileReference; fileEncoding = 4; lastKnownFileType = sourcecode.c.objc; path = TextFieldValidator.m; sourceTree = "<group>"; };
		709DC1F51C3BCF4E0041F30F /* User+CoreDataProperties.h */ = {isa = PBXFileReference; fileEncoding = 4; lastKnownFileType = sourcecode.c.h; path = "User+CoreDataProperties.h"; sourceTree = "<group>"; };
		709DC1F61C3BCF4E0041F30F /* User+CoreDataProperties.m */ = {isa = PBXFileReference; fileEncoding = 4; lastKnownFileType = sourcecode.c.objc; path = "User+CoreDataProperties.m"; sourceTree = "<group>"; };
		709DC1F71C3BCF4E0041F30F /* User.h */ = {isa = PBXFileReference; fileEncoding = 4; lastKnownFileType = sourcecode.c.h; path = User.h; sourceTree = "<group>"; };
		709DC1F81C3BCF4E0041F30F /* User.m */ = {isa = PBXFileReference; fileEncoding = 4; lastKnownFileType = sourcecode.c.objc; path = User.m; sourceTree = "<group>"; };
		70D210511C32940F0028183D /* DkLogin.app */ = {isa = PBXFileReference; explicitFileType = wrapper.application; includeInIndex = 0; path = DkLogin.app; sourceTree = BUILT_PRODUCTS_DIR; };
		70D210551C32940F0028183D /* main.m */ = {isa = PBXFileReference; lastKnownFileType = sourcecode.c.objc; path = main.m; sourceTree = "<group>"; };
		70D2105E1C32940F0028183D /* Base */ = {isa = PBXFileReference; lastKnownFileType = file.storyboard; name = Base; path = Base.lproj/Main.storyboard; sourceTree = "<group>"; };
		70D210611C32940F0028183D /* DkLogin.xcdatamodel */ = {isa = PBXFileReference; lastKnownFileType = wrapper.xcdatamodel; path = DkLogin.xcdatamodel; sourceTree = "<group>"; };
		70D210631C32940F0028183D /* Assets.xcassets */ = {isa = PBXFileReference; lastKnownFileType = folder.assetcatalog; path = Assets.xcassets; sourceTree = "<group>"; };
		70D210681C32940F0028183D /* Info.plist */ = {isa = PBXFileReference; lastKnownFileType = text.plist.xml; path = Info.plist; sourceTree = "<group>"; };
		70D2106D1C32940F0028183D /* DkLoginTests.xctest */ = {isa = PBXFileReference; explicitFileType = wrapper.cfbundle; includeInIndex = 0; path = DkLoginTests.xctest; sourceTree = BUILT_PRODUCTS_DIR; };
		70D210711C32940F0028183D /* DkLoginTests.m */ = {isa = PBXFileReference; lastKnownFileType = sourcecode.c.objc; path = DkLoginTests.m; sourceTree = "<group>"; };
		70D210731C32940F0028183D /* Info.plist */ = {isa = PBXFileReference; lastKnownFileType = text.plist.xml; path = Info.plist; sourceTree = "<group>"; };
		70D210781C32940F0028183D /* DkLoginUITests.xctest */ = {isa = PBXFileReference; explicitFileType = wrapper.cfbundle; includeInIndex = 0; path = DkLoginUITests.xctest; sourceTree = BUILT_PRODUCTS_DIR; };
		70D2107C1C32940F0028183D /* DkLoginUITests.m */ = {isa = PBXFileReference; lastKnownFileType = sourcecode.c.objc; path = DkLoginUITests.m; sourceTree = "<group>"; };
		70D2107E1C32940F0028183D /* Info.plist */ = {isa = PBXFileReference; lastKnownFileType = text.plist.xml; path = Info.plist; sourceTree = "<group>"; };
		70D2108A1C3298560028183D /* LoginViewController.h */ = {isa = PBXFileReference; fileEncoding = 4; lastKnownFileType = sourcecode.c.h; path = LoginViewController.h; sourceTree = "<group>"; };
		70D2108B1C3298560028183D /* LoginViewController.m */ = {isa = PBXFileReference; fileEncoding = 4; lastKnownFileType = sourcecode.c.objc; path = LoginViewController.m; sourceTree = "<group>"; };
/* End PBXFileReference section */

/* Begin PBXFrameworksBuildPhase section */
		70D2104E1C32940F0028183D /* Frameworks */ = {
			isa = PBXFrameworksBuildPhase;
			buildActionMask = 2147483647;
			files = (
				705C41831C454E1000E32030 /* CoreLocation.framework in Frameworks */,
			);
			runOnlyForDeploymentPostprocessing = 0;
		};
		70D2106A1C32940F0028183D /* Frameworks */ = {
			isa = PBXFrameworksBuildPhase;
			buildActionMask = 2147483647;
			files = (
			);
			runOnlyForDeploymentPostprocessing = 0;
		};
		70D210751C32940F0028183D /* Frameworks */ = {
			isa = PBXFrameworksBuildPhase;
			buildActionMask = 2147483647;
			files = (
			);
			runOnlyForDeploymentPostprocessing = 0;
		};
/* End PBXFrameworksBuildPhase section */

/* Begin PBXGroup section */
		70D210481C32940F0028183D = {
			isa = PBXGroup;
			children = (
				703AE4141C4C18FF00D6EFCA /* NewViewController.h */,
				703AE4151C4C18FF00D6EFCA /* NewViewController.m */,
				705C41821C454E1000E32030 /* CoreLocation.framework */,
				705C416F1C3F8D4300E32030 /* DkAppDelegate.m */,
				703AE4121C4BE63500D6EFCA /* BackBtn.png */,
				703AE4101C4BD56400D6EFCA /* Back.png */,
				703AE40C1C4BCF6A00D6EFCA /* BackSign.png */,
				703AE40D1C4BCF6A00D6EFCA /* FrontSign.png */,
				705C417B1C44FC3300E32030 /* beerNewdrunkcart.jpg */,
				703AE4081C4BBFCB00D6EFCA /* NewUser.jpg */,
				703AE4091C4BBFCB00D6EFCA /* NewUser1.jpg */,
				705C41771C44C21500E32030 /* dk_bg_beer.jpg */,
				705C41791C44F52000E32030 /* beerLogin.jpg */,
				705C41711C442E0F00E32030 /* checkbox-checked.png */,
				705C41731C442E1800E32030 /* checkbox-pressed.png */,
				705C41741C442E1800E32030 /* checkbox.png */,
				709DC1671C3AEB0E0041F30F /* error@2x.png */,
				705C41801C4502D100E32030 /* beerNew.jpg */,
				709DC1681C3AEB0E0041F30F /* TextFieldValidator.h */,
				709DC1691C3AEB0E0041F30F /* TextFieldValidator.m */,
				70D2108A1C3298560028183D /* LoginViewController.h */,
				70D2108B1C3298560028183D /* LoginViewController.m */,
				705C416E1C3F8CF100E32030 /* DkAppDelegate.h */,
				705C417D1C44FE7F00E32030 /* NewDrunkcartViewController.h */,
				705C417E1C44FE7F00E32030 /* NewDrunkcartViewController.m */,
				70D210531C32940F0028183D /* DkLogin */,
				70D210701C32940F0028183D /* DkLoginTests */,
				70D2107B1C32940F0028183D /* DkLoginUITests */,
				70D210521C32940F0028183D /* Products */,
			);
			sourceTree = "<group>";
		};
		70D210521C32940F0028183D /* Products */ = {
			isa = PBXGroup;
			children = (
				70D210511C32940F0028183D /* DkLogin.app */,
				70D2106D1C32940F0028183D /* DkLoginTests.xctest */,
				70D210781C32940F0028183D /* DkLoginUITests.xctest */,
			);
			name = Products;
			sourceTree = "<group>";
		};
		70D210531C32940F0028183D /* DkLogin */ = {
			isa = PBXGroup;
			children = (
				70D2105D1C32940F0028183D /* Main.storyboard */,
				70D210631C32940F0028183D /* Assets.xcassets */,
				70D210681C32940F0028183D /* Info.plist */,
				70D210601C32940F0028183D /* DkLogin.xcdatamodeld */,
				709DC1F51C3BCF4E0041F30F /* User+CoreDataProperties.h */,
				709DC1F61C3BCF4E0041F30F /* User+CoreDataProperties.m */,
				709DC1F71C3BCF4E0041F30F /* User.h */,
				709DC1F81C3BCF4E0041F30F /* User.m */,
				70D210541C32940F0028183D /* Supporting Files */,
			);
			path = DkLogin;
			sourceTree = "<group>";
		};
		70D210541C32940F0028183D /* Supporting Files */ = {
			isa = PBXGroup;
			children = (
				70D210551C32940F0028183D /* main.m */,
			);
			name = "Supporting Files";
			sourceTree = "<group>";
		};
		70D210701C32940F0028183D /* DkLoginTests */ = {
			isa = PBXGroup;
			children = (
				70D210711C32940F0028183D /* DkLoginTests.m */,
				70D210731C32940F0028183D /* Info.plist */,
			);
			path = DkLoginTests;
			sourceTree = "<group>";
		};
		70D2107B1C32940F0028183D /* DkLoginUITests */ = {
			isa = PBXGroup;
			children = (
				70D2107C1C32940F0028183D /* DkLoginUITests.m */,
				70D2107E1C32940F0028183D /* Info.plist */,
			);
			path = DkLoginUITests;
			sourceTree = "<group>";
		};
/* End PBXGroup section */

/* Begin PBXNativeTarget section */
		70D210501C32940F0028183D /* DkLogin */ = {
			isa = PBXNativeTarget;
			buildConfigurationList = 70D210811C32940F0028183D /* Build configuration list for PBXNativeTarget "DkLogin" */;
			buildPhases = (
				70D2104D1C32940F0028183D /* Sources */,
				70D2104E1C32940F0028183D /* Frameworks */,
				70D2104F1C32940F0028183D /* Resources */,
			);
			buildRules = (
			);
			dependencies = (
			);
			name = DkLogin;
			productName = DkLogin;
			productReference = 70D210511C32940F0028183D /* DkLogin.app */;
			productType = "com.apple.product-type.application";
		};
		70D2106C1C32940F0028183D /* DkLoginTests */ = {
			isa = PBXNativeTarget;
			buildConfigurationList = 70D210841C32940F0028183D /* Build configuration list for PBXNativeTarget "DkLoginTests" */;
			buildPhases = (
				70D210691C32940F0028183D /* Sources */,
				70D2106A1C32940F0028183D /* Frameworks */,
				70D2106B1C32940F0028183D /* Resources */,
			);
			buildRules = (
			);
			dependencies = (
				70D2106F1C32940F0028183D /* PBXTargetDependency */,
			);
			name = DkLoginTests;
			productName = DkLoginTests;
			productReference = 70D2106D1C32940F0028183D /* DkLoginTests.xctest */;
			productType = "com.apple.product-type.bundle.unit-test";
		};
		70D210771C32940F0028183D /* DkLoginUITests */ = {
			isa = PBXNativeTarget;
			buildConfigurationList = 70D210871C32940F0028183D /* Build configuration list for PBXNativeTarget "DkLoginUITests" */;
			buildPhases = (
				70D210741C32940F0028183D /* Sources */,
				70D210751C32940F0028183D /* Frameworks */,
				70D210761C32940F0028183D /* Resources */,
			);
			buildRules = (
			);
			dependencies = (
				70D2107A1C32940F0028183D /* PBXTargetDependency */,
			);
			name = DkLoginUITests;
			productName = DkLoginUITests;
			productReference = 70D210781C32940F0028183D /* DkLoginUITests.xctest */;
			productType = "com.apple.product-type.bundle.ui-testing";
		};
/* End PBXNativeTarget section */

/* Begin PBXProject section */
		70D210491C32940F0028183D /* Project object */ = {
			isa = PBXProject;
			attributes = {
				LastUpgradeCheck = 0720;
				ORGANIZATIONNAME = "Sreeji Gopal";
				TargetAttributes = {
					70D210501C32940F0028183D = {
						CreatedOnToolsVersion = 7.2;
						DevelopmentTeam = GBZL82B9DN;
					};
					70D2106C1C32940F0028183D = {
						CreatedOnToolsVersion = 7.2;
						DevelopmentTeam = GBZL82B9DN;
						TestTargetID = 70D210501C32940F0028183D;
					};
					70D210771C32940F0028183D = {
						CreatedOnToolsVersion = 7.2;
						DevelopmentTeam = GBZL82B9DN;
						TestTargetID = 70D210501C32940F0028183D;
					};
				};
			};
			buildConfigurationList = 70D2104C1C32940F0028183D /* Build configuration list for PBXProject "DkLogin" */;
			compatibilityVersion = "Xcode 3.2";
			developmentRegion = English;
			hasScannedForEncodings = 0;
			knownRegions = (
				en,
				Base,
			);
			mainGroup = 70D210481C32940F0028183D;
			productRefGroup = 70D210521C32940F0028183D /* Products */;
			projectDirPath = "";
			projectRoot = "";
			targets = (
				70D210501C32940F0028183D /* DkLogin */,
				70D2106C1C32940F0028183D /* DkLoginTests */,
				70D210771C32940F0028183D /* DkLoginUITests */,
			);
		};
/* End PBXProject section */

/* Begin PBXResourcesBuildPhase section */
		70D2104F1C32940F0028183D /* Resources */ = {
			isa = PBXResourcesBuildPhase;
			buildActionMask = 2147483647;
			files = (
				703AE40E1C4BCF6A00D6EFCA /* BackSign.png in Resources */,
				709DC16A1C3AEB0E0041F30F /* error@2x.png in Resources */,
				703AE40B1C4BBFCB00D6EFCA /* NewUser1.jpg in Resources */,
				703AE4131C4BE63500D6EFCA /* BackBtn.png in Resources */,
				70D210641C32940F0028183D /* Assets.xcassets in Resources */,
				705C41811C4502D100E32030 /* beerNew.jpg in Resources */,
				705C417C1C44FC3300E32030 /* beerNewdrunkcart.jpg in Resources */,
				705C41761C442E1800E32030 /* checkbox.png in Resources */,
				705C417A1C44F52000E32030 /* beerLogin.jpg in Resources */,
				705C41721C442E0F00E32030 /* checkbox-checked.png in Resources */,
				705C41781C44C21500E32030 /* dk_bg_beer.jpg in Resources */,
				70D2105F1C32940F0028183D /* Main.storyboard in Resources */,
				705C41751C442E1800E32030 /* checkbox-pressed.png in Resources */,
				703AE4111C4BD56400D6EFCA /* Back.png in Resources */,
				703AE40F1C4BCF6A00D6EFCA /* FrontSign.png in Resources */,
				703AE40A1C4BBFCB00D6EFCA /* NewUser.jpg in Resources */,
			);
			runOnlyForDeploymentPostprocessing = 0;
		};
		70D2106B1C32940F0028183D /* Resources */ = {
			isa = PBXResourcesBuildPhase;
			buildActionMask = 2147483647;
			files = (
			);
			runOnlyForDeploymentPostprocessing = 0;
		};
		70D210761C32940F0028183D /* Resources */ = {
			isa = PBXResourcesBuildPhase;
			buildActionMask = 2147483647;
			files = (
			);
			runOnlyForDeploymentPostprocessing = 0;
		};
/* End PBXResourcesBuildPhase section */

/* Begin PBXSourcesBuildPhase section */
		70D2104D1C32940F0028183D /* Sources */ = {
			isa = PBXSourcesBuildPhase;
			buildActionMask = 2147483647;
			files = (
				709DC1F91C3BCF4E0041F30F /* User+CoreDataProperties.m in Sources */,
				709DC1FA1C3BCF4E0041F30F /* User.m in Sources */,
				70D2108C1C3298560028183D /* LoginViewController.m in Sources */,
				70D210621C32940F0028183D /* DkLogin.xcdatamodeld in Sources */,
				705C41701C3F8D4300E32030 /* DkAppDelegate.m in Sources */,
				70D210561C32940F0028183D /* main.m in Sources */,
				703AE4161C4C18FF00D6EFCA /* NewViewController.m in Sources */,
				705C417F1C44FE7F00E32030 /* NewDrunkcartViewController.m in Sources */,
				709DC16B1C3AEB0E0041F30F /* TextFieldValidator.m in Sources */,
			);
			runOnlyForDeploymentPostprocessing = 0;
		};
		70D210691C32940F0028183D /* Sources */ = {
			isa = PBXSourcesBuildPhase;
			buildActionMask = 2147483647;
			files = (
				70D210721C32940F0028183D /* DkLoginTests.m in Sources */,
			);
			runOnlyForDeploymentPostprocessing = 0;
		};
		70D210741C32940F0028183D /* Sources */ = {
			isa = PBXSourcesBuildPhase;
			buildActionMask = 2147483647;
			files = (
				70D2107D1C32940F0028183D /* DkLoginUITests.m in Sources */,
			);
			runOnlyForDeploymentPostprocessing = 0;
		};
/* End PBXSourcesBuildPhase section */

/* Begin PBXTargetDependency section */
		70D2106F1C32940F0028183D /* PBXTargetDependency */ = {
			isa = PBXTargetDependency;
			target = 70D210501C32940F0028183D /* DkLogin */;
			targetProxy = 70D2106E1C32940F0028183D /* PBXContainerItemProxy */;
		};
		70D2107A1C32940F0028183D /* PBXTargetDependency */ = {
			isa = PBXTargetDependency;
			target = 70D210501C32940F0028183D /* DkLogin */;
			targetProxy = 70D210791C32940F0028183D /* PBXContainerItemProxy */;
		};
/* End PBXTargetDependency section */

/* Begin PBXVariantGroup section */
		70D2105D1C32940F0028183D /* Main.storyboard */ = {
			isa = PBXVariantGroup;
			children = (
				70D2105E1C32940F0028183D /* Base */,
			);
			name = Main.storyboard;
			sourceTree = "<group>";
		};
/* End PBXVariantGroup section */

/* Begin XCBuildConfiguration section */
		70D2107F1C32940F0028183D /* Debug */ = {
			isa = XCBuildConfiguration;
			buildSettings = {
				ALWAYS_SEARCH_USER_PATHS = NO;
				CLANG_CXX_LANGUAGE_STANDARD = "gnu++0x";
				CLANG_CXX_LIBRARY = "libc++";
				CLANG_ENABLE_MODULES = YES;
				CLANG_ENABLE_OBJC_ARC = YES;
				CLANG_WARN_BOOL_CONVERSION = YES;
				CLANG_WARN_CONSTANT_CONVERSION = YES;
				CLANG_WARN_DIRECT_OBJC_ISA_USAGE = YES_ERROR;
				CLANG_WARN_EMPTY_BODY = YES;
				CLANG_WARN_ENUM_CONVERSION = YES;
				CLANG_WARN_INT_CONVERSION = YES;
				CLANG_WARN_OBJC_ROOT_CLASS = YES_ERROR;
				CLANG_WARN_UNREACHABLE_CODE = YES;
				CLANG_WARN__DUPLICATE_METHOD_MATCH = YES;
				"CODE_SIGN_IDENTITY[sdk=iphoneos*]" = "iPhone Developer";
				COPY_PHASE_STRIP = NO;
				DEBUG_INFORMATION_FORMAT = dwarf;
				ENABLE_STRICT_OBJC_MSGSEND = YES;
				ENABLE_TESTABILITY = YES;
				GCC_C_LANGUAGE_STANDARD = gnu99;
				GCC_DYNAMIC_NO_PIC = NO;
				GCC_NO_COMMON_BLOCKS = YES;
				GCC_OPTIMIZATION_LEVEL = 0;
				GCC_PREPROCESSOR_DEFINITIONS = (
					"DEBUG=1",
					"$(inherited)",
				);
				GCC_WARN_64_TO_32_BIT_CONVERSION = YES;
				GCC_WARN_ABOUT_RETURN_TYPE = YES_ERROR;
				GCC_WARN_UNDECLARED_SELECTOR = YES;
				GCC_WARN_UNINITIALIZED_AUTOS = YES_AGGRESSIVE;
				GCC_WARN_UNUSED_FUNCTION = YES;
				GCC_WARN_UNUSED_VARIABLE = YES;
				IPHONEOS_DEPLOYMENT_TARGET = 9.2;
				MTL_ENABLE_DEBUG_INFO = YES;
				ONLY_ACTIVE_ARCH = YES;
				SDKROOT = iphoneos;
				TARGETED_DEVICE_FAMILY = "1,2";
			};
			name = Debug;
		};
		70D210801C32940F0028183D /* Release */ = {
			isa = XCBuildConfiguration;
			buildSettings = {
				ALWAYS_SEARCH_USER_PATHS = NO;
				CLANG_CXX_LANGUAGE_STANDARD = "gnu++0x";
				CLANG_CXX_LIBRARY = "libc++";
				CLANG_ENABLE_MODULES = YES;
				CLANG_ENABLE_OBJC_ARC = YES;
				CLANG_WARN_BOOL_CONVERSION = YES;
				CLANG_WARN_CONSTANT_CONVERSION = YES;
				CLANG_WARN_DIRECT_OBJC_ISA_USAGE = YES_ERROR;
				CLANG_WARN_EMPTY_BODY = YES;
				CLANG_WARN_ENUM_CONVERSION = YES;
				CLANG_WARN_INT_CONVERSION = YES;
				CLANG_WARN_OBJC_ROOT_CLASS = YES_ERROR;
				CLANG_WARN_UNREACHABLE_CODE = YES;
				CLANG_WARN__DUPLICATE_METHOD_MATCH = YES;
				"CODE_SIGN_IDENTITY[sdk=iphoneos*]" = "iPhone Developer";
				COPY_PHASE_STRIP = NO;
				DEBUG_INFORMATION_FORMAT = "dwarf-with-dsym";
				ENABLE_NS_ASSERTIONS = NO;
				ENABLE_STRICT_OBJC_MSGSEND = YES;
				GCC_C_LANGUAGE_STANDARD = gnu99;
				GCC_NO_COMMON_BLOCKS = YES;
				GCC_WARN_64_TO_32_BIT_CONVERSION = YES;
				GCC_WARN_ABOUT_RETURN_TYPE = YES_ERROR;
				GCC_WARN_UNDECLARED_SELECTOR = YES;
				GCC_WARN_UNINITIALIZED_AUTOS = YES_AGGRESSIVE;
				GCC_WARN_UNUSED_FUNCTION = YES;
				GCC_WARN_UNUSED_VARIABLE = YES;
				IPHONEOS_DEPLOYMENT_TARGET = 9.2;
				MTL_ENABLE_DEBUG_INFO = NO;
				SDKROOT = iphoneos;
				TARGETED_DEVICE_FAMILY = "1,2";
				VALIDATE_PRODUCT = YES;
			};
			name = Release;
		};
		70D210821C32940F0028183D /* Debug */ = {
			isa = XCBuildConfiguration;
			buildSettings = {
				ASSETCATALOG_COMPILER_APPICON_NAME = AppIcon;
				INFOPLIST_FILE = DkLogin/Info.plist;
				LD_RUNPATH_SEARCH_PATHS = "$(inherited) @executable_path/Frameworks";
				PRODUCT_BUNDLE_IDENTIFIER = com.SwapDeal.DkLogin;
				PRODUCT_NAME = "$(TARGET_NAME)";
			};
			name = Debug;
		};
		70D210831C32940F0028183D /* Release */ = {
			isa = XCBuildConfiguration;
			buildSettings = {
				ASSETCATALOG_COMPILER_APPICON_NAME = AppIcon;
				"CODE_SIGN_IDENTITY[sdk=iphoneos*]" = "iPhone Developer: sreeji.gopal@gmail.com (QYJ8EMR9N2)";
				INFOPLIST_FILE = DkLogin/Info.plist;
				LD_RUNPATH_SEARCH_PATHS = "$(inherited) @executable_path/Frameworks";
				PRODUCT_BUNDLE_IDENTIFIER = com.SwapDeal.DkLogin;
				PRODUCT_NAME = "$(TARGET_NAME)";
			};
			name = Release;
		};
		70D210851C32940F0028183D /* Debug */ = {
			isa = XCBuildConfiguration;
			buildSettings = {
				BUNDLE_LOADER = "$(TEST_HOST)";
				INFOPLIST_FILE = DkLoginTests/Info.plist;
				LD_RUNPATH_SEARCH_PATHS = "$(inherited) @executable_path/Frameworks @loader_path/Frameworks";
				PRODUCT_BUNDLE_IDENTIFIER = com.SwapDeal.DkLoginTests;
				PRODUCT_NAME = "$(TARGET_NAME)";
				TEST_HOST = "$(BUILT_PRODUCTS_DIR)/DkLogin.app/DkLogin";
			};
			name = Debug;
		};
		70D210861C32940F0028183D /* Release */ = {
			isa = XCBuildConfiguration;
			buildSettings = {
				BUNDLE_LOADER = "$(TEST_HOST)";
				INFOPLIST_FILE = DkLoginTests/Info.plist;
				LD_RUNPATH_SEARCH_PATHS = "$(inherited) @executable_path/Frameworks @loader_path/Frameworks";
				PRODUCT_BUNDLE_IDENTIFIER = com.SwapDeal.DkLoginTests;
				PRODUCT_NAME = "$(TARGET_NAME)";
				TEST_HOST = "$(BUILT_PRODUCTS_DIR)/DkLogin.app/DkLogin";
			};
			name = Release;
		};
		70D210881C32940F0028183D /* Debug */ = {
			isa = XCBuildConfiguration;
			buildSettings = {
				INFOPLIST_FILE = DkLoginUITests/Info.plist;
				LD_RUNPATH_SEARCH_PATHS = "$(inherited) @executable_path/Frameworks @loader_path/Frameworks";
				PRODUCT_BUNDLE_IDENTIFIER = com.SwapDeal.DkLoginUITests;
				PRODUCT_NAME = "$(TARGET_NAME)";
				TEST_TARGET_NAME = DkLogin;
				USES_XCTRUNNER = YES;
			};
			name = Debug;
		};
		70D210891C32940F0028183D /* Release */ = {
			isa = XCBuildConfiguration;
			buildSettings = {
				INFOPLIST_FILE = DkLoginUITests/Info.plist;
				LD_RUNPATH_SEARCH_PATHS = "$(inherited) @executable_path/Frameworks @loader_path/Frameworks";
				PRODUCT_BUNDLE_IDENTIFIER = com.SwapDeal.DkLoginUITests;
				PRODUCT_NAME = "$(TARGET_NAME)";
				TEST_TARGET_NAME = DkLogin;
				USES_XCTRUNNER = YES;
			};
			name = Release;
		};
/* End XCBuildConfiguration section */

/* Begin XCConfigurationList section */
		70D2104C1C32940F0028183D /* Build configuration list for PBXProject "DkLogin" */ = {
			isa = XCConfigurationList;
			buildConfigurations = (
				70D2107F1C32940F0028183D /* Debug */,
				70D210801C32940F0028183D /* Release */,
			);
			defaultConfigurationIsVisible = 0;
			defaultConfigurationName = Release;
		};
		70D210811C32940F0028183D /* Build configuration list for PBXNativeTarget "DkLogin" */ = {
			isa = XCConfigurationList;
			buildConfigurations = (
				70D210821C32940F0028183D /* Debug */,
				70D210831C32940F0028183D /* Release */,
			);
			defaultConfigurationIsVisible = 0;
			defaultConfigurationName = Release;
		};
		70D210841C32940F0028183D /* Build configuration list for PBXNativeTarget "DkLoginTests" */ = {
			isa = XCConfigurationList;
			buildConfigurations = (
				70D210851C32940F0028183D /* Debug */,
				70D210861C32940F0028183D /* Release */,
			);
			defaultConfigurationIsVisible = 0;
			defaultConfigurationName = Release;
		};
		70D210871C32940F0028183D /* Build configuration list for PBXNativeTarget "DkLoginUITests" */ = {
			isa = XCConfigurationList;
			buildConfigurations = (
				70D210881C32940F0028183D /* Debug */,
				70D210891C32940F0028183D /* Release */,
			);
			defaultConfigurationIsVisible = 0;
			defaultConfigurationName = Release;
		};
/* End XCConfigurationList section */

/* Begin XCVersionGroup section */
		70D210601C32940F0028183D /* DkLogin.xcdatamodeld */ = {
			isa = XCVersionGroup;
			children = (
				70D210611C32940F0028183D /* DkLogin.xcdatamodel */,
			);
			currentVersion = 70D210611C32940F0028183D /* DkLogin.xcdatamodel */;
			path = DkLogin.xcdatamodeld;
			sourceTree = "<group>";
			versionGroupType = wrapper.xcdatamodel;
		};
/* End XCVersionGroup section */
	};
	rootObject = 70D210491C32940F0028183D /* Project object */;
}
